speakeasyVersion: 1.325.1
sources:
    auth:
        sourceNamespace: auth
        sourceRevisionDigest: sha256:3d9dd749d76847950bec4b5a8e932d0a33c677c8059df4f1d2a4e503a47fbed6
        sourceBlobDigest: sha256:de5c83a97e63dc0bbddcd233e14cf4c48787e4a90e1c052153e4bf40771fdfa9
        tags:
            - latest
    flows:
        sourceNamespace: flows
        sourceRevisionDigest: sha256:b20a1ddebcbe5c25050c5c785359b1f003864306faade34242b062d5b822a6db
        sourceBlobDigest: sha256:3ca256f2de5d9a758e443f153330bf2e8979f89b64f8452893f61527428e3157
        tags:
            - latest
    ledger:
        sourceNamespace: ledger
        sourceRevisionDigest: sha256:978a9248164242d0714b462089d6c93710342aadd500f764f57d8256bd543c8d
        sourceBlobDigest: sha256:d00196fcdc4993e2000aa64a0adb2c767a737bc401b622e288013b42178bbbd8
        tags:
            - latest
    payments:
        sourceNamespace: payments
        sourceRevisionDigest: sha256:2aba1d1cdb39857572945eb9a4460c2000168228daafb9d1d6f3dda87563c8b0
        sourceBlobDigest: sha256:e242d62446b7101589fe2ba9241543dcee0738fc65f8cd9ae2ad3f42402690e4
        tags:
            - latest
    reconciliation:
        sourceNamespace: reconciliation
        sourceRevisionDigest: sha256:973ef6b7406179b601c6a0e54827495f00523c4fab06a9c6e88d4cbd1835fc5e
        sourceBlobDigest: sha256:8d806295f7b4683ed36c080b4c3a2dcc04221581180dffd055e591dd97b877d0
        tags:
            - latest
    wallets:
        sourceNamespace: wallets
        sourceRevisionDigest: sha256:3033b61d07644cbeae185e28c3d88e415a4b3ccbb7e4a11ac2cd19d6ca74a54f
        sourceBlobDigest: sha256:f1821a6d1ccba802b068ca1c59765f293d223e3691345c0d7d98d08f373541f4
        tags:
            - latest
targets:
    ledger-java:
        source: ledger
        sourceNamespace: ledger
        sourceRevisionDigest: sha256:d7f77f54c2898b175fe2ae751a456bda14245c5f3f0a63e9947481e5b0d43853
        sourceBlobDigest: sha256:c6052d4c9c3cf9d16461499bbbb58eb6af2e1856d2039332526fa746ddde44b3
        outLocation: ./sdks/formance-sdk-java/client-ledger
    ledger-python:
        source: ledger
        sourceNamespace: ledger
        sourceRevisionDigest: sha256:d7f77f54c2898b175fe2ae751a456bda14245c5f3f0a63e9947481e5b0d43853
        sourceBlobDigest: sha256:c6052d4c9c3cf9d16461499bbbb58eb6af2e1856d2039332526fa746ddde44b3
        outLocation: ./sdks/formance-sdk-python/client-ledger
    ledger-ts:
        source: ledger
        sourceNamespace: ledger
        sourceRevisionDigest: sha256:d7f77f54c2898b175fe2ae751a456bda14245c5f3f0a63e9947481e5b0d43853
        sourceBlobDigest: sha256:c6052d4c9c3cf9d16461499bbbb58eb6af2e1856d2039332526fa746ddde44b3
        outLocation: ./sdks/formance-sdk-typescript/client-ledger
    payments-java:
        source: payments
        sourceNamespace: payments
        sourceRevisionDigest: sha256:57d9f53bde836316e7bc987b1d8c276e3309ebc825185696b56da0adf4decfbc
        sourceBlobDigest: sha256:1261c884741b3089480678be72cc729c4c77e905c1d838cc60f326c191a3e8ea
        outLocation: ./sdks/formance-sdk-java/client-payments
    payments-python:
        source: payments
        sourceNamespace: payments
        sourceRevisionDigest: sha256:57d9f53bde836316e7bc987b1d8c276e3309ebc825185696b56da0adf4decfbc
        sourceBlobDigest: sha256:1261c884741b3089480678be72cc729c4c77e905c1d838cc60f326c191a3e8ea
        outLocation: ./sdks/formance-sdk-python/client-payments
    payments-ts:
        source: payments
        sourceNamespace: payments
        sourceRevisionDigest: sha256:57d9f53bde836316e7bc987b1d8c276e3309ebc825185696b56da0adf4decfbc
        sourceBlobDigest: sha256:1261c884741b3089480678be72cc729c4c77e905c1d838cc60f326c191a3e8ea
        outLocation: ./sdks/formance-sdk-typescript/client-payments
workflow:
    workflowVersion: 1.0.0
    speakeasyVersion: latest
    sources:
        auth:
            inputs:
                - location: ./formance-api-def/tsp-output/@typespec/openapi3/Auth-openapi.yaml
            registry:
                location: registry.speakeasyapi.dev/formance/formance/auth
        flows:
            inputs:
                - location: ./formance-api-def/tsp-output/@typespec/openapi3/Flows-openapi.yaml
            registry:
                location: registry.speakeasyapi.dev/formance/formance/flows
        ledger:
            inputs:
                - location: ./formance-api-def/tsp-output/@typespec/openapi3/Ledger-openapi.yaml
            registry:
                location: registry.speakeasyapi.dev/formance/formance/ledger
        payments:
            inputs:
                - location: ./formance-api-def/tsp-output/@typespec/openapi3/Payments-openapi.yaml
            registry:
                location: registry.speakeasyapi.dev/formance/formance/payments
        reconciliation:
            inputs:
                - location: ./formance-api-def/tsp-output/@typespec/openapi3/Reconciliation-openapi.yaml
            registry:
                location: registry.speakeasyapi.dev/formance/formance/reconciliation
        wallets:
            inputs:
                - location: ./formance-api-def/tsp-output/@typespec/openapi3/Wallets-openapi.yaml
            registry:
                location: registry.speakeasyapi.dev/formance/formance/wallets
    targets: {}
