speakeasyVersion: 1.308.2
sources:
    auth:
        sourceNamespace: auth
        sourceRevisionDigest: sha256:4ce4118527e1a2d7d55ed92e96171915e520d771783f3e38f9e8434904f10959
        sourceBlobDigest: sha256:c76a5fdcb7250bf0f41fd04647dbfb97cae6195c7f00c21e6f3fc3270de62229
        tags:
            - latest
    ledger:
        sourceNamespace: ledger
        sourceRevisionDigest: sha256:3dad05657f455acf3406a41ef01768e0016d2202f3b29d9730d1e6382c6c08dd
        sourceBlobDigest: sha256:1e6dbeb896360264eaffca503f7e33f30359ccf6def5bbb5f6dc19d1ee4cbb8a
        tags:
            - latest
    payments:
        sourceNamespace: payments
        sourceRevisionDigest: sha256:d2abf62720eebc32c15e0f4294ef6b9a3f93d89432f7100859ce2eb1b6936676
        sourceBlobDigest: sha256:a042e1e325fa3e0dd312fa7ddd18ad0a04471bb23a43c76e7ae7da6c76396f95
        tags:
            - latest
    reconciliation:
        sourceNamespace: reconciliation
        sourceRevisionDigest: sha256:8d7799937e183e76a54a5d34cb90bb4620ec75408dbe831aa56a645eadf4fae6
        sourceBlobDigest: sha256:0579df688927358dae8d1c86040c75072fae546d637938adc037aec6769bc4b1
        tags:
            - latest
    wallets:
        sourceNamespace: wallets
        sourceRevisionDigest: sha256:f66e30461fe7fe7f50f86506f18c51d8b0e69415b2a8205c932badf3c9b2f04b
        sourceBlobDigest: sha256:d9b5e359ed9efed1101b08c61611731eda52bd8d8c69fe253408d99b05fdb89a
        tags:
            - latest
targets:
    ledger-java:
        source: ledger
        sourceNamespace: ledger
        sourceRevisionDigest: sha256:d7f77f54c2898b175fe2ae751a456bda14245c5f3f0a63e9947481e5b0d43853
        sourceBlobDigest: sha256:c6052d4c9c3cf9d16461499bbbb58eb6af2e1856d2039332526fa746ddde44b3
        outLocation: ./sdks/formance-sdk-java/client-ledger
    ledger-python:
        source: ledger
        sourceNamespace: ledger
        sourceRevisionDigest: sha256:d7f77f54c2898b175fe2ae751a456bda14245c5f3f0a63e9947481e5b0d43853
        sourceBlobDigest: sha256:c6052d4c9c3cf9d16461499bbbb58eb6af2e1856d2039332526fa746ddde44b3
        outLocation: ./sdks/formance-sdk-python/client-ledger
    ledger-ts:
        source: ledger
        sourceNamespace: ledger
        sourceRevisionDigest: sha256:d7f77f54c2898b175fe2ae751a456bda14245c5f3f0a63e9947481e5b0d43853
        sourceBlobDigest: sha256:c6052d4c9c3cf9d16461499bbbb58eb6af2e1856d2039332526fa746ddde44b3
        outLocation: ./sdks/formance-sdk-typescript/client-ledger
    payments-java:
        source: payments
        sourceNamespace: payments
        sourceRevisionDigest: sha256:57d9f53bde836316e7bc987b1d8c276e3309ebc825185696b56da0adf4decfbc
        sourceBlobDigest: sha256:1261c884741b3089480678be72cc729c4c77e905c1d838cc60f326c191a3e8ea
        outLocation: ./sdks/formance-sdk-java/client-payments
    payments-python:
        source: payments
        sourceNamespace: payments
        sourceRevisionDigest: sha256:57d9f53bde836316e7bc987b1d8c276e3309ebc825185696b56da0adf4decfbc
        sourceBlobDigest: sha256:1261c884741b3089480678be72cc729c4c77e905c1d838cc60f326c191a3e8ea
        outLocation: ./sdks/formance-sdk-python/client-payments
    payments-ts:
        source: payments
        sourceNamespace: payments
        sourceRevisionDigest: sha256:57d9f53bde836316e7bc987b1d8c276e3309ebc825185696b56da0adf4decfbc
        sourceBlobDigest: sha256:1261c884741b3089480678be72cc729c4c77e905c1d838cc60f326c191a3e8ea
        outLocation: ./sdks/formance-sdk-typescript/client-payments
workflow:
    workflowVersion: 1.0.0
    speakeasyVersion: latest
    sources:
        auth:
            inputs:
                - location: ./formance-api-def/tsp-output/@typespec/openapi3/Auth-openapi.yaml
            registry:
                location: registry.speakeasyapi.dev/formance/formance/auth
        ledger:
            inputs:
                - location: ./formance-api-def/tsp-output/@typespec/openapi3/Ledger-openapi.yaml
            registry:
                location: registry.speakeasyapi.dev/formance/formance/ledger
        payments:
            inputs:
                - location: ./formance-api-def/tsp-output/@typespec/openapi3/Payments-openapi.yaml
            registry:
                location: registry.speakeasyapi.dev/formance/formance/payments
        reconciliation:
            inputs:
                - location: ./formance-api-def/tsp-output/@typespec/openapi3/Reconciliation-openapi.yaml
            registry:
                location: registry.speakeasyapi.dev/formance/formance/reconciliation
        wallets:
            inputs:
                - location: ./formance-api-def/tsp-output/@typespec/openapi3/Wallets-openapi.yaml
            registry:
                location: registry.speakeasyapi.dev/formance/formance/wallets
    targets: {}
